
Microsoft Visual Studio Solution File, Format Version 12.00
# Visual Studio Express 15 for Windows Desktop
VisualStudioVersion = 15.0.28307.705
MinimumVisualStudioVersion = 10.0.40219.1
Project("{8BC9CEB8-8B4A-11D0-8D11-00A0C91BC942}") = "DAY2", "DAY2.vcxproj", "{83B4CDEF-5E15-4577-AE78-7BD764BE347A}"
EndProject
Global
	GlobalSection(SolutionConfigurationPlatforms) = preSolution
		Debug|x64 = Debug|x64
		Debug|x86 = Debug|x86
		Release|x64 = Release|x64
		Release|x86 = Release|x86
	EndGlobalSection
	GlobalSection(ProjectConfigurationPlatforms) = postSolution
		{83B4CDEF-5E15-4577-AE78-7BD764BE347A}.Debug|x64.ActiveCfg = Debug|x64
		{83B4CDEF-5E15-4577-AE78-7BD764BE347A}.Debug|x64.Build.0 = Debug|x64
		{83B4CDEF-5E15-4577-AE78-7BD764BE347A}.Debug|x86.ActiveCfg = Debug|Win32
		{83B4CDEF-5E15-4577-AE78-7BD764BE347A}.Debug|x86.Build.0 = Debug|Win32
		{83B4CDEF-5E15-4577-AE78-7BD764BE347A}.Release|x64.ActiveCfg = Release|x64
		{83B4CDEF-5E15-4577-AE78-7BD764BE347A}.Release|x64.Build.0 = Release|x64
		{83B4CDEF-5E15-4577-AE78-7BD764BE347A}.Release|x86.ActiveCfg = Release|Win32
		{83B4CDEF-5E15-4577-AE78-7BD764BE347A}.Release|x86.Build.0 = Release|Win32
	EndGlobalSection
	GlobalSection(SolutionProperties) = preSolution
		HideSolutionNode = FALSE
	EndGlobalSection
	GlobalSection(ExtensibilityGlobals) = postSolution
		SolutionGuid = {0E20FF29-51B1-47D7-A84D-7F091F124CE0}
	EndGlobalSection
EndGlobal
